
Microsoft Visual Studio Solution File, Format Version 12.00
# Visual Studio Version 17
VisualStudioVersion = 17.13.35919.96 d17.13
MinimumVisualStudioVersion = 10.0.40219.1
Project("{FAE04EC0-301F-11D3-BF4B-00C04F79EFBC}") = "AISQLTutor", "AISQLTutor\AISQLTutor.csproj", "{2B2D29AD-75AD-421D-93AA-8E436986CDD4}"
EndProject
Global
	GlobalSection(SolutionConfigurationPlatforms) = preSolution
		Debug|Any CPU = Debug|Any CPU
		Release|Any CPU = Release|Any CPU
	EndGlobalSection
	GlobalSection(ProjectConfigurationPlatforms) = postSolution
		{2B2D29AD-75AD-421D-93AA-8E436986CDD4}.Debug|Any CPU.ActiveCfg = Debug|Any CPU
		{2B2D29AD-75AD-421D-93AA-8E436986CDD4}.Debug|Any CPU.Build.0 = Debug|Any CPU
		{2B2D29AD-75AD-421D-93AA-8E436986CDD4}.Release|Any CPU.ActiveCfg = Release|Any CPU
		{2B2D29AD-75AD-421D-93AA-8E436986CDD4}.Release|Any CPU.Build.0 = Release|Any CPU
	EndGlobalSection
	GlobalSection(SolutionProperties) = preSolution
		HideSolutionNode = FALSE
	EndGlobalSection
	GlobalSection(ExtensibilityGlobals) = postSolution
		SolutionGuid = {7C3EFBB9-8986-4B49-BE87-00E534776A57}
	EndGlobalSection
EndGlobal
